schema: '2.0'
stages:
  prepare:
    cmd: python src/prepare.py data/data.xml
    deps:
    - path: data/data.xml
      md5: a304afb96060aad90176268345e10355
      size: 37891850
    - path: src/prepare.py
      md5: 51549a1c87b182ebdd785704f56ffaf1
      size: 1581
    params:
      params.yaml:
        prepare.seed: 20170428
        prepare.split: 0.15
    outs:
    - path: data/prepared
      md5: 22153e8ae092c6e9d57d8a97091e80f1.dir
      size: 23861319
      nfiles: 2
  featurize:
    cmd: python src/featurization.py data/prepared data/features
    deps:
    - path: data/prepared
      md5: 22153e8ae092c6e9d57d8a97091e80f1.dir
      size: 23861319
      nfiles: 2
    - path: src/featurization.py
      md5: 61c592707fd1b33e27819c87cf93f80a
      size: 2391
    params:
      params.yaml:
        featurize.max_features: 3000
        featurize.ngrams: 1
    outs:
    - path: data/features
      md5: 53e2217504ed7e944bc1c11e9e08e581.dir
      size: 10805183
      nfiles: 2
  train:
    cmd: python src/train.py data/features model.pkl
    deps:
    - path: data/features
      md5: 53e2217504ed7e944bc1c11e9e08e581.dir
      size: 10805183
      nfiles: 2
    - path: src/train.py
      md5: 9ab95496b29b6ea3418bbf20b9fe3473
      size: 964
    params:
      params.yaml:
        train.min_split: 2
        train.n_est: 100
        train.seed: 20170428
    outs:
    - path: model.pkl
      md5: a06f9a1a7f3622e8eaace96fc65e9bf7
      size: 6248588
  evaluate:
    cmd: python src/evaluate.py model.pkl data/features scores.json prc.json roc.json
    deps:
    - path: data/features
      md5: 53e2217504ed7e944bc1c11e9e08e581.dir
      size: 10805183
      nfiles: 2
    - path: model.pkl
      md5: a06f9a1a7f3622e8eaace96fc65e9bf7
      size: 6248588
    - path: src/evaluate.py
      md5: fb7b5209c9237ea6cf63550e5fe9b817
      size: 1943
    outs:
    - path: prc.json
      md5: fcdbdc00b2174d9ffe710ebf01931fb4
      size: 5736
    - path: roc.json
      md5: 3fe7eb87b7bc8aec2772d034f54143b0
      size: 5118
    - path: scores.json
      md5: 909f8125637aeaad314ff419de91b6f1
      size: 73
